
Microsoft Visual Studio Solution File, Format Version 12.00
# Visual Studio Version 17
VisualStudioVersion = 17.9.34616.47
MinimumVisualStudioVersion = 10.0.40219.1
Project("{FAE04EC0-301F-11D3-BF4B-00C04F79EFBC}") = "MauiApp1", "MauiApp1\MauiApp1.csproj", "{BC13A999-5AC7-4BCD-AD19-53C41B2E5DFA}"
EndProject
Global
	GlobalSection(SolutionConfigurationPlatforms) = preSolution
		Debug|Any CPU = Debug|Any CPU
		Release|Any CPU = Release|Any CPU
	EndGlobalSection
	GlobalSection(ProjectConfigurationPlatforms) = postSolution
		{BC13A999-5AC7-4BCD-AD19-53C41B2E5DFA}.Debug|Any CPU.ActiveCfg = Debug|Any CPU
		{BC13A999-5AC7-4BCD-AD19-53C41B2E5DFA}.Debug|Any CPU.Build.0 = Debug|Any CPU
		{BC13A999-5AC7-4BCD-AD19-53C41B2E5DFA}.Debug|Any CPU.Deploy.0 = Debug|Any CPU
		{BC13A999-5AC7-4BCD-AD19-53C41B2E5DFA}.Release|Any CPU.ActiveCfg = Release|Any CPU
		{BC13A999-5AC7-4BCD-AD19-53C41B2E5DFA}.Release|Any CPU.Build.0 = Release|Any CPU
		{BC13A999-5AC7-4BCD-AD19-53C41B2E5DFA}.Release|Any CPU.Deploy.0 = Release|Any CPU
	EndGlobalSection
	GlobalSection(SolutionProperties) = preSolution
		HideSolutionNode = FALSE
	EndGlobalSection
	GlobalSection(ExtensibilityGlobals) = postSolution
		SolutionGuid = {49448968-A0F3-4EB9-9B01-D8EDB834DA30}
	EndGlobalSection
EndGlobal
